
Microsoft Visual Studio Solution File, Format Version 12.00
# Visual Studio Version 17
VisualStudioVersion = 17.13.35825.156 d17.13
MinimumVisualStudioVersion = 10.0.40219.1
Project("{FAE04EC0-301F-11D3-BF4B-00C04F79EFBC}") = "ContaCorrente.ConsoleApp", "ContaCorrente.ConsoleApp\ContaCorrente.ConsoleApp.csproj", "{12D0C4B2-BEAE-4BF0-BD46-5D6D82EF3FDD}"
EndProject
Global
	GlobalSection(SolutionConfigurationPlatforms) = preSolution
		Debug|Any CPU = Debug|Any CPU
		Release|Any CPU = Release|Any CPU
	EndGlobalSection
	GlobalSection(ProjectConfigurationPlatforms) = postSolution
		{12D0C4B2-BEAE-4BF0-BD46-5D6D82EF3FDD}.Debug|Any CPU.ActiveCfg = Debug|Any CPU
		{12D0C4B2-BEAE-4BF0-BD46-5D6D82EF3FDD}.Debug|Any CPU.Build.0 = Debug|Any CPU
		{12D0C4B2-BEAE-4BF0-BD46-5D6D82EF3FDD}.Release|Any CPU.ActiveCfg = Release|Any CPU
		{12D0C4B2-BEAE-4BF0-BD46-5D6D82EF3FDD}.Release|Any CPU.Build.0 = Release|Any CPU
	EndGlobalSection
	GlobalSection(SolutionProperties) = preSolution
		HideSolutionNode = FALSE
	EndGlobalSection
	GlobalSection(ExtensibilityGlobals) = postSolution
		SolutionGuid = {CDFEBCAD-56A4-4F12-BDF5-6F38545DAC1B}
	EndGlobalSection
EndGlobal
